
Microsoft Visual Studio Solution File, Format Version 12.00
# Visual Studio Version 17
VisualStudioVersion = 17.9.34701.34
MinimumVisualStudioVersion = 10.0.40219.1
Project("{FAE04EC0-301F-11D3-BF4B-00C04F79EFBC}") = "ClientLab5", "ClientLab5.csproj", "{F571380F-4A52-4A76-9EDB-BBF4A33F33A5}"
EndProject
Global
	GlobalSection(SolutionConfigurationPlatforms) = preSolution
		Debug|Any CPU = Debug|Any CPU
		Release|Any CPU = Release|Any CPU
	EndGlobalSection
	GlobalSection(ProjectConfigurationPlatforms) = postSolution
		{F571380F-4A52-4A76-9EDB-BBF4A33F33A5}.Debug|Any CPU.ActiveCfg = Debug|Any CPU
		{F571380F-4A52-4A76-9EDB-BBF4A33F33A5}.Debug|Any CPU.Build.0 = Debug|Any CPU
		{F571380F-4A52-4A76-9EDB-BBF4A33F33A5}.Release|Any CPU.ActiveCfg = Release|Any CPU
		{F571380F-4A52-4A76-9EDB-BBF4A33F33A5}.Release|Any CPU.Build.0 = Release|Any CPU
	EndGlobalSection
	GlobalSection(SolutionProperties) = preSolution
		HideSolutionNode = FALSE
	EndGlobalSection
	GlobalSection(ExtensibilityGlobals) = postSolution
		SolutionGuid = {C2EBF613-F59E-4996-BF68-34CC3DC5E80D}
	EndGlobalSection
EndGlobal
