
Microsoft Visual Studio Solution File, Format Version 12.00
# Visual Studio Version 17
VisualStudioVersion = 17.9.34701.34
MinimumVisualStudioVersion = 10.0.40219.1
Project("{FAE04EC0-301F-11D3-BF4B-00C04F79EFBC}") = "ServerLab5", "ServerLab5.csproj", "{17CA1391-416A-474A-8B6C-518619DABE19}"
EndProject
Global
	GlobalSection(SolutionConfigurationPlatforms) = preSolution
		Debug|Any CPU = Debug|Any CPU
		Release|Any CPU = Release|Any CPU
	EndGlobalSection
	GlobalSection(ProjectConfigurationPlatforms) = postSolution
		{17CA1391-416A-474A-8B6C-518619DABE19}.Debug|Any CPU.ActiveCfg = Debug|Any CPU
		{17CA1391-416A-474A-8B6C-518619DABE19}.Debug|Any CPU.Build.0 = Debug|Any CPU
		{17CA1391-416A-474A-8B6C-518619DABE19}.Release|Any CPU.ActiveCfg = Release|Any CPU
		{17CA1391-416A-474A-8B6C-518619DABE19}.Release|Any CPU.Build.0 = Release|Any CPU
	EndGlobalSection
	GlobalSection(SolutionProperties) = preSolution
		HideSolutionNode = FALSE
	EndGlobalSection
	GlobalSection(ExtensibilityGlobals) = postSolution
		SolutionGuid = {5DFB1DCB-B5D4-4F38-9AB3-37AE9ACD0DFA}
	EndGlobalSection
EndGlobal
